
Microsoft Visual Studio Solution File, Format Version 12.00
# Visual Studio 15
VisualStudioVersion = 15.0.28307.168
MinimumVisualStudioVersion = 10.0.40219.1
Project("{FAE04EC0-301F-11D3-BF4B-00C04F79EFBC}") = "AzureResourceAccess", "AzureResourceAccess\AzureResourceAccess.csproj", "{88950A75-1C60-4C4E-87A0-70476A89BF32}"
EndProject
Global
	GlobalSection(SolutionConfigurationPlatforms) = preSolution
		Debug|Any CPU = Debug|Any CPU
		Release|Any CPU = Release|Any CPU
	EndGlobalSection
	GlobalSection(ProjectConfigurationPlatforms) = postSolution
		{88950A75-1C60-4C4E-87A0-70476A89BF32}.Debug|Any CPU.ActiveCfg = Debug|Any CPU
		{88950A75-1C60-4C4E-87A0-70476A89BF32}.Debug|Any CPU.Build.0 = Debug|Any CPU
		{88950A75-1C60-4C4E-87A0-70476A89BF32}.Release|Any CPU.ActiveCfg = Release|Any CPU
		{88950A75-1C60-4C4E-87A0-70476A89BF32}.Release|Any CPU.Build.0 = Release|Any CPU
	EndGlobalSection
	GlobalSection(SolutionProperties) = preSolution
		HideSolutionNode = FALSE
	EndGlobalSection
	GlobalSection(ExtensibilityGlobals) = postSolution
		SolutionGuid = {B7713751-CAD9-4EE9-A6D3-4AEC3DFF051C}
	EndGlobalSection
EndGlobal
